// !$*UTF8*$!
{
	archiveVersion = 1;
	classes = {
	};
	objectVersion = 50;
	objects = {

/* Begin PBXBuildFile section */
		31F9A3B7268D11E400ACA4DD /* AppDelegate.swift in Sources */ = {isa = PBXBuildFile; fileRef = 31F9A3B6268D11E400ACA4DD /* AppDelegate.swift */; };
		31F9A3BB268D11E400ACA4DD /* ViewController.swift in Sources */ = {isa = PBXBuildFile; fileRef = 31F9A3BA268D11E400ACA4DD /* ViewController.swift */; };
		31F9A3C0268D11E600ACA4DD /* Assets.xcassets in Resources */ = {isa = PBXBuildFile; fileRef = 31F9A3BF268D11E600ACA4DD /* Assets.xcassets */; };
		31F9A3C3268D11E600ACA4DD /* LaunchScreen.storyboard in Resources */ = {isa = PBXBuildFile; fileRef = 31F9A3C1268D11E600ACA4DD /* LaunchScreen.storyboard */; };
		31F9A3D0268D12B600ACA4DD /* ViewController.xib in Resources */ = {isa = PBXBuildFile; fileRef = 31F9A3CF268D12B600ACA4DD /* ViewController.xib */; };
		31F9A3D3268D197500ACA4DD /* ReusableView.swift in Sources */ = {isa = PBXBuildFile; fileRef = 31F9A3D2268D197500ACA4DD /* ReusableView.swift */; };
		31F9A3D6268D1A0200ACA4DD /* TableHeaderView.swift in Sources */ = {isa = PBXBuildFile; fileRef = 31F9A3D5268D1A0200ACA4DD /* TableHeaderView.swift */; };
		31F9A3D9268D1A8D00ACA4DD /* TableHeaderView.xib in Resources */ = {isa = PBXBuildFile; fileRef = 31F9A3D8268D1A8D00ACA4DD /* TableHeaderView.xib */; };
		31F9A3E0268D265600ACA4DD /* PreviewUtil.swift in Sources */ = {isa = PBXBuildFile; fileRef = 31F9A3DF268D265600ACA4DD /* PreviewUtil.swift */; };
/* End PBXBuildFile section */

/* Begin PBXFileReference section */
		31F9A3B3268D11E400ACA4DD /* TableFullExample.app */ = {isa = PBXFileReference; explicitFileType = wrapper.application; includeInIndex = 0; path = TableFullExample.app; sourceTree = BUILT_PRODUCTS_DIR; };
		31F9A3B6268D11E400ACA4DD /* AppDelegate.swift */ = {isa = PBXFileReference; lastKnownFileType = sourcecode.swift; path = AppDelegate.swift; sourceTree = "<group>"; };
		31F9A3BA268D11E400ACA4DD /* ViewController.swift */ = {isa = PBXFileReference; lastKnownFileType = sourcecode.swift; path = ViewController.swift; sourceTree = "<group>"; };
		31F9A3BF268D11E600ACA4DD /* Assets.xcassets */ = {isa = PBXFileReference; lastKnownFileType = folder.assetcatalog; path = Assets.xcassets; sourceTree = "<group>"; };
		31F9A3C2268D11E600ACA4DD /* Base */ = {isa = PBXFileReference; lastKnownFileType = file.storyboard; name = Base; path = Base.lproj/LaunchScreen.storyboard; sourceTree = "<group>"; };
		31F9A3C4268D11E600ACA4DD /* Info.plist */ = {isa = PBXFileReference; lastKnownFileType = text.plist.xml; path = Info.plist; sourceTree = "<group>"; };
		31F9A3CF268D12B600ACA4DD /* ViewController.xib */ = {isa = PBXFileReference; lastKnownFileType = file.xib; path = ViewController.xib; sourceTree = "<group>"; };
		31F9A3D2268D197500ACA4DD /* ReusableView.swift */ = {isa = PBXFileReference; lastKnownFileType = sourcecode.swift; path = ReusableView.swift; sourceTree = "<group>"; };
		31F9A3D5268D1A0200ACA4DD /* TableHeaderView.swift */ = {isa = PBXFileReference; lastKnownFileType = sourcecode.swift; path = TableHeaderView.swift; sourceTree = "<group>"; };
		31F9A3D8268D1A8D00ACA4DD /* TableHeaderView.xib */ = {isa = PBXFileReference; lastKnownFileType = file.xib; path = TableHeaderView.xib; sourceTree = "<group>"; };
		31F9A3DF268D265600ACA4DD /* PreviewUtil.swift */ = {isa = PBXFileReference; lastKnownFileType = sourcecode.swift; path = PreviewUtil.swift; sourceTree = "<group>"; };
/* End PBXFileReference section */

/* Begin PBXFrameworksBuildPhase section */
		31F9A3B0268D11E400ACA4DD /* Frameworks */ = {
			isa = PBXFrameworksBuildPhase;
			buildActionMask = 2147483647;
			files = (
			);
			runOnlyForDeploymentPostprocessing = 0;
		};
/* End PBXFrameworksBuildPhase section */

/* Begin PBXGroup section */
		31F9A3AA268D11E400ACA4DD = {
			isa = PBXGroup;
			children = (
				31F9A3B5268D11E400ACA4DD /* TableFullExample */,
				31F9A3CD268D121B00ACA4DD /* Files */,
				31F9A3B4268D11E400ACA4DD /* Products */,
			);
			sourceTree = "<group>";
		};
		31F9A3B4268D11E400ACA4DD /* Products */ = {
			isa = PBXGroup;
			children = (
				31F9A3B3268D11E400ACA4DD /* TableFullExample.app */,
			);
			name = Products;
			sourceTree = "<group>";
		};
		31F9A3B5268D11E400ACA4DD /* TableFullExample */ = {
			isa = PBXGroup;
			children = (
				31F9A3B6268D11E400ACA4DD /* AppDelegate.swift */,
				31F9A3BA268D11E400ACA4DD /* ViewController.swift */,
				31F9A3CF268D12B600ACA4DD /* ViewController.xib */,
				31F9A3DB268D1A9800ACA4DD /* TableHeader */,
			);
			path = TableFullExample;
			sourceTree = "<group>";
		};
		31F9A3CD268D121B00ACA4DD /* Files */ = {
			isa = PBXGroup;
			children = (
				31F9A3D2268D197500ACA4DD /* ReusableView.swift */,
				31F9A3BF268D11E600ACA4DD /* Assets.xcassets */,
				31F9A3C1268D11E600ACA4DD /* LaunchScreen.storyboard */,
				31F9A3C4268D11E600ACA4DD /* Info.plist */,
				31F9A3DF268D265600ACA4DD /* PreviewUtil.swift */,
			);
			name = Files;
			path = TableFullExample;
			sourceTree = "<group>";
		};
		31F9A3DB268D1A9800ACA4DD /* TableHeader */ = {
			isa = PBXGroup;
			children = (
				31F9A3D8268D1A8D00ACA4DD /* TableHeaderView.xib */,
				31F9A3D5268D1A0200ACA4DD /* TableHeaderView.swift */,
			);
			name = TableHeader;
			sourceTree = "<group>";
		};
/* End PBXGroup section */

/* Begin PBXNativeTarget section */
		31F9A3B2268D11E400ACA4DD /* TableFullExample */ = {
			isa = PBXNativeTarget;
			buildConfigurationList = 31F9A3C7268D11E600ACA4DD /* Build configuration list for PBXNativeTarget "TableFullExample" */;
			buildPhases = (
				31F9A3AF268D11E400ACA4DD /* Sources */,
				31F9A3B0268D11E400ACA4DD /* Frameworks */,
				31F9A3B1268D11E400ACA4DD /* Resources */,
			);
			buildRules = (
			);
			dependencies = (
			);
			name = TableFullExample;
			productName = TableFullExample;
			productReference = 31F9A3B3268D11E400ACA4DD /* TableFullExample.app */;
			productType = "com.apple.product-type.application";
		};
/* End PBXNativeTarget section */

/* Begin PBXProject section */
		31F9A3AB268D11E400ACA4DD /* Project object */ = {
			isa = PBXProject;
			attributes = {
				LastSwiftUpdateCheck = 1240;
				LastUpgradeCheck = 1240;
				TargetAttributes = {
					31F9A3B2268D11E400ACA4DD = {
						CreatedOnToolsVersion = 12.4;
					};
				};
			};
			buildConfigurationList = 31F9A3AE268D11E400ACA4DD /* Build configuration list for PBXProject "TableFullExample" */;
			compatibilityVersion = "Xcode 9.3";
			developmentRegion = en;
			hasScannedForEncodings = 0;
			knownRegions = (
				en,
				Base,
			);
			mainGroup = 31F9A3AA268D11E400ACA4DD;
			productRefGroup = 31F9A3B4268D11E400ACA4DD /* Products */;
			projectDirPath = "";
			projectRoot = "";
			targets = (
				31F9A3B2268D11E400ACA4DD /* TableFullExample */,
			);
		};
/* End PBXProject section */

/* Begin PBXResourcesBuildPhase section */
		31F9A3B1268D11E400ACA4DD /* Resources */ = {
			isa = PBXResourcesBuildPhase;
			buildActionMask = 2147483647;
			files = (
				31F9A3D9268D1A8D00ACA4DD /* TableHeaderView.xib in Resources */,
				31F9A3C3268D11E600ACA4DD /* LaunchScreen.storyboard in Resources */,
				31F9A3D0268D12B600ACA4DD /* ViewController.xib in Resources */,
				31F9A3C0268D11E600ACA4DD /* Assets.xcassets in Resources */,
			);
			runOnlyForDeploymentPostprocessing = 0;
		};
/* End PBXResourcesBuildPhase section */

/* Begin PBXSourcesBuildPhase section */
		31F9A3AF268D11E400ACA4DD /* Sources */ = {
			isa = PBXSourcesBuildPhase;
			buildActionMask = 2147483647;
			files = (
				31F9A3D6268D1A0200ACA4DD /* TableHeaderView.swift in Sources */,
				31F9A3D3268D197500ACA4DD /* ReusableView.swift in Sources */,
				31F9A3E0268D265600ACA4DD /* PreviewUtil.swift in Sources */,
				31F9A3BB268D11E400ACA4DD /* ViewController.swift in Sources */,
				31F9A3B7268D11E400ACA4DD /* AppDelegate.swift in Sources */,
			);
			runOnlyForDeploymentPostprocessing = 0;
		};
/* End PBXSourcesBuildPhase section */

/* Begin PBXVariantGroup section */
		31F9A3C1268D11E600ACA4DD /* LaunchScreen.storyboard */ = {
			isa = PBXVariantGroup;
			children = (
				31F9A3C2268D11E600ACA4DD /* Base */,
			);
			name = LaunchScreen.storyboard;
			sourceTree = "<group>";
		};
/* End PBXVariantGroup section */

/* Begin XCBuildConfiguration section */
		31F9A3C5268D11E600ACA4DD /* Debug */ = {
			isa = XCBuildConfiguration;
			buildSettings = {
				ALWAYS_SEARCH_USER_PATHS = NO;
				CLANG_ANALYZER_NONNULL = YES;
				CLANG_ANALYZER_NUMBER_OBJECT_CONVERSION = YES_AGGRESSIVE;
				CLANG_CXX_LANGUAGE_STANDARD = "gnu++14";
				CLANG_CXX_LIBRARY = "libc++";
				CLANG_ENABLE_MODULES = YES;
				CLANG_ENABLE_OBJC_ARC = YES;
				CLANG_ENABLE_OBJC_WEAK = YES;
				CLANG_WARN_BLOCK_CAPTURE_AUTORELEASING = YES;
				CLANG_WARN_BOOL_CONVERSION = YES;
				CLANG_WARN_COMMA = YES;
				CLANG_WARN_CONSTANT_CONVERSION = YES;
				CLANG_WARN_DEPRECATED_OBJC_IMPLEMENTATIONS = YES;
				CLANG_WARN_DIRECT_OBJC_ISA_USAGE = YES_ERROR;
				CLANG_WARN_DOCUMENTATION_COMMENTS = YES;
				CLANG_WARN_EMPTY_BODY = YES;
				CLANG_WARN_ENUM_CONVERSION = YES;
				CLANG_WARN_INFINITE_RECURSION = YES;
				CLANG_WARN_INT_CONVERSION = YES;
				CLANG_WARN_NON_LITERAL_NULL_CONVERSION = YES;
				CLANG_WARN_OBJC_IMPLICIT_RETAIN_SELF = YES;
				CLANG_WARN_OBJC_LITERAL_CONVERSION = YES;
				CLANG_WARN_OBJC_ROOT_CLASS = YES_ERROR;
				CLANG_WARN_QUOTED_INCLUDE_IN_FRAMEWORK_HEADER = YES;
				CLANG_WARN_RANGE_LOOP_ANALYSIS = YES;
				CLANG_WARN_STRICT_PROTOTYPES = YES;
				CLANG_WARN_SUSPICIOUS_MOVE = YES;
				CLANG_WARN_UNGUARDED_AVAILABILITY = YES_AGGRESSIVE;
				CLANG_WARN_UNREACHABLE_CODE = YES;
				CLANG_WARN__DUPLICATE_METHOD_MATCH = YES;
				COPY_PHASE_STRIP = NO;
				DEBUG_INFORMATION_FORMAT = dwarf;
				ENABLE_STRICT_OBJC_MSGSEND = YES;
				ENABLE_TESTABILITY = YES;
				GCC_C_LANGUAGE_STANDARD = gnu11;
				GCC_DYNAMIC_NO_PIC = NO;
				GCC_NO_COMMON_BLOCKS = YES;
				GCC_OPTIMIZATION_LEVEL = 0;
				GCC_PREPROCESSOR_DEFINITIONS = (
					"DEBUG=1",
					"$(inherited)",
				);
				GCC_WARN_64_TO_32_BIT_CONVERSION = YES;
				GCC_WARN_ABOUT_RETURN_TYPE = YES_ERROR;
				GCC_WARN_UNDECLARED_SELECTOR = YES;
				GCC_WARN_UNINITIALIZED_AUTOS = YES_AGGRESSIVE;
				GCC_WARN_UNUSED_FUNCTION = YES;
				GCC_WARN_UNUSED_VARIABLE = YES;
				IPHONEOS_DEPLOYMENT_TARGET = 14.4;
				MTL_ENABLE_DEBUG_INFO = INCLUDE_SOURCE;
				MTL_FAST_MATH = YES;
				ONLY_ACTIVE_ARCH = YES;
				SDKROOT = iphoneos;
				SWIFT_ACTIVE_COMPILATION_CONDITIONS = DEBUG;
				SWIFT_OPTIMIZATION_LEVEL = "-Onone";
			};
			name = Debug;
		};
		31F9A3C6268D11E600ACA4DD /* Release */ = {
			isa = XCBuildConfiguration;
			buildSettings = {
				ALWAYS_SEARCH_USER_PATHS = NO;
				CLANG_ANALYZER_NONNULL = YES;
				CLANG_ANALYZER_NUMBER_OBJECT_CONVERSION = YES_AGGRESSIVE;
				CLANG_CXX_LANGUAGE_STANDARD = "gnu++14";
				CLANG_CXX_LIBRARY = "libc++";
				CLANG_ENABLE_MODULES = YES;
				CLANG_ENABLE_OBJC_ARC = YES;
				CLANG_ENABLE_OBJC_WEAK = YES;
				CLANG_WARN_BLOCK_CAPTURE_AUTORELEASING = YES;
				CLANG_WARN_BOOL_CONVERSION = YES;
				CLANG_WARN_COMMA = YES;
				CLANG_WARN_CONSTANT_CONVERSION = YES;
				CLANG_WARN_DEPRECATED_OBJC_IMPLEMENTATIONS = YES;
				CLANG_WARN_DIRECT_OBJC_ISA_USAGE = YES_ERROR;
				CLANG_WARN_DOCUMENTATION_COMMENTS = YES;
				CLANG_WARN_EMPTY_BODY = YES;
				CLANG_WARN_ENUM_CONVERSION = YES;
				CLANG_WARN_INFINITE_RECURSION = YES;
				CLANG_WARN_INT_CONVERSION = YES;
				CLANG_WARN_NON_LITERAL_NULL_CONVERSION = YES;
				CLANG_WARN_OBJC_IMPLICIT_RETAIN_SELF = YES;
				CLANG_WARN_OBJC_LITERAL_CONVERSION = YES;
				CLANG_WARN_OBJC_ROOT_CLASS = YES_ERROR;
				CLANG_WARN_QUOTED_INCLUDE_IN_FRAMEWORK_HEADER = YES;
				CLANG_WARN_RANGE_LOOP_ANALYSIS = YES;
				CLANG_WARN_STRICT_PROTOTYPES = YES;
				CLANG_WARN_SUSPICIOUS_MOVE = YES;
				CLANG_WARN_UNGUARDED_AVAILABILITY = YES_AGGRESSIVE;
				CLANG_WARN_UNREACHABLE_CODE = YES;
				CLANG_WARN__DUPLICATE_METHOD_MATCH = YES;
				COPY_PHASE_STRIP = NO;
				DEBUG_INFORMATION_FORMAT = "dwarf-with-dsym";
				ENABLE_NS_ASSERTIONS = NO;
				ENABLE_STRICT_OBJC_MSGSEND = YES;
				GCC_C_LANGUAGE_STANDARD = gnu11;
				GCC_NO_COMMON_BLOCKS = YES;
				GCC_WARN_64_TO_32_BIT_CONVERSION = YES;
				GCC_WARN_ABOUT_RETURN_TYPE = YES_ERROR;
				GCC_WARN_UNDECLARED_SELECTOR = YES;
				GCC_WARN_UNINITIALIZED_AUTOS = YES_AGGRESSIVE;
				GCC_WARN_UNUSED_FUNCTION = YES;
				GCC_WARN_UNUSED_VARIABLE = YES;
				IPHONEOS_DEPLOYMENT_TARGET = 14.4;
				MTL_ENABLE_DEBUG_INFO = NO;
				MTL_FAST_MATH = YES;
				SDKROOT = iphoneos;
				SWIFT_COMPILATION_MODE = wholemodule;
				SWIFT_OPTIMIZATION_LEVEL = "-O";
				VALIDATE_PRODUCT = YES;
			};
			name = Release;
		};
		31F9A3C8268D11E600ACA4DD /* Debug */ = {
			isa = XCBuildConfiguration;
			buildSettings = {
				ASSETCATALOG_COMPILER_APPICON_NAME = AppIcon;
				ASSETCATALOG_COMPILER_GLOBAL_ACCENT_COLOR_NAME = AccentColor;
				CODE_SIGN_STYLE = Automatic;
				INFOPLIST_FILE = TableFullExample/Info.plist;
				LD_RUNPATH_SEARCH_PATHS = (
					"$(inherited)",
					"@executable_path/Frameworks",
				);
				PRODUCT_BUNDLE_IDENTIFIER = com.rsc.TableFullExample;
				PRODUCT_NAME = "$(TARGET_NAME)";
				SWIFT_VERSION = 5.0;
				TARGETED_DEVICE_FAMILY = "1,2";
			};
			name = Debug;
		};
		31F9A3C9268D11E600ACA4DD /* Release */ = {
			isa = XCBuildConfiguration;
			buildSettings = {
				ASSETCATALOG_COMPILER_APPICON_NAME = AppIcon;
				ASSETCATALOG_COMPILER_GLOBAL_ACCENT_COLOR_NAME = AccentColor;
				CODE_SIGN_STYLE = Automatic;
				INFOPLIST_FILE = TableFullExample/Info.plist;
				LD_RUNPATH_SEARCH_PATHS = (
					"$(inherited)",
					"@executable_path/Frameworks",
				);
				PRODUCT_BUNDLE_IDENTIFIER = com.rsc.TableFullExample;
				PRODUCT_NAME = "$(TARGET_NAME)";
				SWIFT_VERSION = 5.0;
				TARGETED_DEVICE_FAMILY = "1,2";
			};
			name = Release;
		};
/* End XCBuildConfiguration section */

/* Begin XCConfigurationList section */
		31F9A3AE268D11E400ACA4DD /* Build configuration list for PBXProject "TableFullExample" */ = {
			isa = XCConfigurationList;
			buildConfigurations = (
				31F9A3C5268D11E600ACA4DD /* Debug */,
				31F9A3C6268D11E600ACA4DD /* Release */,
			);
			defaultConfigurationIsVisible = 0;
			defaultConfigurationName = Release;
		};
		31F9A3C7268D11E600ACA4DD /* Build configuration list for PBXNativeTarget "TableFullExample" */ = {
			isa = XCConfigurationList;
			buildConfigurations = (
				31F9A3C8268D11E600ACA4DD /* Debug */,
				31F9A3C9268D11E600ACA4DD /* Release */,
			);
			defaultConfigurationIsVisible = 0;
			defaultConfigurationName = Release;
		};
/* End XCConfigurationList section */
	};
	rootObject = 31F9A3AB268D11E400ACA4DD /* Project object */;
}
